
Microsoft Visual Studio Solution File, Format Version 12.00
# Visual Studio Version 16
VisualStudioVersion = 16.0.31321.278
MinimumVisualStudioVersion = 10.0.40219.1
Project("{9A19103F-16F7-4668-BE54-9A1E7A4F7556}") = "AnimalWorld", "AnimalWorld\AnimalWorld.csproj", "{A44E63AA-E174-47E9-AAE8-A1E1C71BFC3D}"
EndProject
Global
	GlobalSection(SolutionConfigurationPlatforms) = preSolution
		Debug|Any CPU = Debug|Any CPU
		Release|Any CPU = Release|Any CPU
	EndGlobalSection
	GlobalSection(ProjectConfigurationPlatforms) = postSolution
		{A44E63AA-E174-47E9-AAE8-A1E1C71BFC3D}.Debug|Any CPU.ActiveCfg = Debug|Any CPU
		{A44E63AA-E174-47E9-AAE8-A1E1C71BFC3D}.Debug|Any CPU.Build.0 = Debug|Any CPU
		{A44E63AA-E174-47E9-AAE8-A1E1C71BFC3D}.Release|Any CPU.ActiveCfg = Release|Any CPU
		{A44E63AA-E174-47E9-AAE8-A1E1C71BFC3D}.Release|Any CPU.Build.0 = Release|Any CPU
	EndGlobalSection
	GlobalSection(SolutionProperties) = preSolution
		HideSolutionNode = FALSE
	EndGlobalSection
	GlobalSection(ExtensibilityGlobals) = postSolution
		SolutionGuid = {11B0351E-B8E4-43AB-8D8C-D45CF6B863C2}
	EndGlobalSection
EndGlobal
